PODS:
  - pop (1.0.5)
  - Tweaks (1.1.0)
  - TWTSideMenuViewController (0.3)
  - UIView+AutoLayout (1.3.0)
  - UIView+Positioning (1.0.1)

DEPENDENCIES:
  - pop
  - Tweaks
  - TWTSideMenuViewController
  - UIView+AutoLayout
  - UIView+Positioning

SPEC CHECKSUMS:
  pop: 75fa2b33934200a8a68abb449ac1726fcf7e43b9
  Tweaks: 05b197d4a1247288f576587546bc1932189d8c98
  TWTSideMenuViewController: 18633fb4be397ed1e83352ed50ddd55d04d94de3
  UIView+AutoLayout: dc24ec6114498617510af759148a05b957af1b38
  UIView+Positioning: 870af80983bf495af2cb8a3a15b20e26fcc57ebb

COCOAPODS: 0.33.1
