PODS:
  - AppAuth (1.4.0):
    - AppAuth/Core (= 1.4.0)
    - AppAuth/ExternalUserAgent (= 1.4.0)
  - AppAuth/Core (1.4.0)
  - AppAuth/ExternalUserAgent (1.4.0)
  - BFRImageViewer (1.2.9):
    - PINRemoteImage (~> 3.0.0)
  - Firebase/Analytics (6.34.0):
    - Firebase/Core
  - Firebase/Auth (6.34.0):
    - Firebase/CoreOnly
    - FirebaseAuth (~> 6.9.2)
  - Firebase/Core (6.34.0):
    - Firebase/CoreOnly
    - FirebaseAnalytics (= 6.9.0)
  - Firebase/CoreOnly (6.34.0):
    - FirebaseCore (= 6.10.4)
  - Firebase/Crashlytics (6.34.0):
    - Firebase/CoreOnly
    - FirebaseCrashlytics (~> 4.6.2)
  - Firebase/Messaging (6.34.0):
    - Firebase/CoreOnly
    - FirebaseMessaging (~> 4.7.1)
  - Firebase/Performance (6.34.0):
    - Firebase/CoreOnly
    - FirebasePerformance (~> 3.3.1)
  - Firebase/RemoteConfig (6.34.0):
    - Firebase/CoreOnly
    - FirebaseRemoteConfig (~> 4.9.1)
  - Firebase/Storage (6.34.0):
    - Firebase/CoreOnly
    - FirebaseStorage (~> 3.9.1)
  - FirebaseABTesting (4.2.0):
    - FirebaseCore (~> 6.10)
  - FirebaseAnalytics (6.9.0):
    - FirebaseCore (~> 6.10)
    - FirebaseInstallations (~> 1.7)
    - GoogleAppMeasurement (= 6.9.0)
    - GoogleUtilities/AppDelegateSwizzler (~> 6.7)
    - GoogleUtilities/MethodSwizzler (~> 6.7)
    - GoogleUtilities/Network (~> 6.7)
    - "GoogleUtilities/NSData+zlib (~> 6.7)"
    - nanopb (~> 1.30906.0)
  - FirebaseAuth (6.9.2):
    - FirebaseCore (~> 6.10)
    - GoogleUtilities/AppDelegateSwizzler (~> 6.7)
    - GoogleUtilities/Environment (~> 6.7)
    - GTMSessionFetcher/Core (~> 1.1)
  - FirebaseCore (6.10.4):
    - FirebaseCoreDiagnostics (~> 1.6)
    - GoogleUtilities/Environment (~> 6.7)
    - GoogleUtilities/Logger (~> 6.7)
  - FirebaseCoreDiagnostics (1.7.0):
    - GoogleDataTransport (~> 7.4)
    - GoogleUtilities/Environment (~> 6.7)
    - GoogleUtilities/Logger (~> 6.7)
    - nanopb (~> 1.30906.0)
  - FirebaseCrashlytics (4.6.2):
    - FirebaseCore (~> 6.10)
    - FirebaseInstallations (~> 1.6)
    - GoogleDataTransport (~> 7.2)
    - nanopb (~> 1.30906.0)
    - PromisesObjC (~> 1.2)
  - FirebaseInstallations (1.7.0):
    - FirebaseCore (~> 6.10)
    - GoogleUtilities/Environment (~> 6.7)
    - GoogleUtilities/UserDefaults (~> 6.7)
    - PromisesObjC (~> 1.2)
  - FirebaseInstanceID (4.8.0):
    - FirebaseCore (~> 6.10)
    - FirebaseInstallations (~> 1.6)
    - GoogleUtilities/Environment (~> 6.7)
    - GoogleUtilities/UserDefaults (~> 6.7)
  - FirebaseMessaging (4.7.1):
    - FirebaseCore (~> 6.10)
    - FirebaseInstanceID (~> 4.7)
    - GoogleUtilities/AppDelegateSwizzler (~> 6.7)
    - GoogleUtilities/Environment (~> 6.7)
    - GoogleUtilities/Reachability (~> 6.7)
    - GoogleUtilities/UserDefaults (~> 6.7)
    - Protobuf (>= 3.9.2, ~> 3.9)
  - FirebasePerformance (3.3.1):
    - FirebaseCore (~> 6.9)
    - FirebaseInstallations (~> 1.5)
    - FirebaseRemoteConfig (~> 4.7)
    - GoogleDataTransport (~> 7.0)
    - GoogleToolboxForMac/Logger (~> 2.1)
    - "GoogleToolboxForMac/NSData+zlib (~> 2.1)"
    - GoogleUtilities/Environment (~> 6.2)
    - GoogleUtilities/ISASwizzler (~> 6.2)
    - GoogleUtilities/MethodSwizzler (~> 6.2)
    - GTMSessionFetcher/Core (~> 1.1)
    - Protobuf (~> 3.12)
  - FirebaseRemoteConfig (4.9.1):
    - FirebaseABTesting (~> 4.2)
    - FirebaseCore (~> 6.10)
    - FirebaseInstallations (~> 1.6)
    - GoogleUtilities/Environment (~> 6.7)
    - "GoogleUtilities/NSData+zlib (~> 6.7)"
  - FirebaseStorage (3.9.1):
    - FirebaseCore (~> 6.10)
    - GTMSessionFetcher/Core (~> 1.1)
  - GoogleAppMeasurement (6.9.0):
    - GoogleUtilities/AppDelegateSwizzler (~> 6.7)
    - GoogleUtilities/MethodSwizzler (~> 6.7)
    - GoogleUtilities/Network (~> 6.7)
    - "GoogleUtilities/NSData+zlib (~> 6.7)"
    - nanopb (~> 1.30906.0)
  - GoogleDataTransport (7.5.1):
    - nanopb (~> 1.30906.0)
  - GoogleSignIn (5.0.2):
    - AppAuth (~> 1.2)
    - GTMAppAuth (~> 1.0)
    - GTMSessionFetcher/Core (~> 1.1)
  - GoogleToolboxForMac/Defines (2.2.2)
  - GoogleToolboxForMac/Logger (2.2.2):
    - GoogleToolboxForMac/Defines (= 2.2.2)
  - "GoogleToolboxForMac/NSData+zlib (2.2.2)":
    - GoogleToolboxForMac/Defines (= 2.2.2)
  - GoogleUtilities/AppDelegateSwizzler (6.7.2):
    - GoogleUtilities/Environment
    - GoogleUtilities/Logger
    - GoogleUtilities/Network
  - GoogleUtilities/Environment (6.7.2):
    - PromisesObjC (~> 1.2)
  - GoogleUtilities/ISASwizzler (6.7.2)
  - GoogleUtilities/Logger (6.7.2):
    - GoogleUtilities/Environment
  - GoogleUtilities/MethodSwizzler (6.7.2):
    - GoogleUtilities/Logger
  - GoogleUtilities/Network (6.7.2):
    - GoogleUtilities/Logger
    - "GoogleUtilities/NSData+zlib"
    - GoogleUtilities/Reachability
  - "GoogleUtilities/NSData+zlib (6.7.2)"
  - GoogleUtilities/Reachability (6.7.2):
    - GoogleUtilities/Logger
  - GoogleUtilities/UserDefaults (6.7.2):
    - GoogleUtilities/Logger
  - GTMAppAuth (1.1.0):
    - AppAuth/Core (~> 1.4)
    - GTMSessionFetcher (~> 1.4)
  - GTMSessionFetcher (1.4.0):
    - GTMSessionFetcher/Full (= 1.4.0)
  - GTMSessionFetcher/Core (1.4.0)
  - GTMSessionFetcher/Full (1.4.0):
    - GTMSessionFetcher/Core (= 1.4.0)
  - MyTBAKit (1.0.0-LOCAL):
    - TBAOperation
    - TBAUtils
  - MyTBAKit/Tests (1.0.0-LOCAL):
    - MyTBAKitTesting
    - TBAOperation
    - TBAUtils
  - MyTBAKitTesting (1.0.0-LOCAL):
    - MyTBAKit
    - TBATestingMocks
  - nanopb (1.30906.0):
    - nanopb/decode (= 1.30906.0)
    - nanopb/encode (= 1.30906.0)
  - nanopb/decode (1.30906.0)
  - nanopb/encode (1.30906.0)
  - PINCache (3.0.2):
    - PINCache/Arc-exception-safe (= 3.0.2)
    - PINCache/Core (= 3.0.2)
  - PINCache/Arc-exception-safe (3.0.2):
    - PINCache/Core
  - PINCache/Core (3.0.2):
    - PINOperation (~> 1.2.0)
  - PINOperation (1.2)
  - PINRemoteImage (3.0.1):
    - PINRemoteImage/PINCache (= 3.0.1)
  - PINRemoteImage/Core (3.0.1):
    - PINOperation
  - PINRemoteImage/PINCache (3.0.1):
    - PINCache (~> 3.0.1)
    - PINRemoteImage/Core
  - PromisesObjC (1.2.11)
  - Protobuf (3.13.0)
  - PureLayout (3.1.6)
  - Reveal-SDK (26)
  - Search (1.0.0-LOCAL):
    - TBAProtocols
  - Search/Tests (1.0.0-LOCAL):
    - TBAData
    - TBADataTesting
    - TBAProtocols
  - TBAData (1.0.0-LOCAL):
    - MyTBAKit
    - Search
    - TBAKit
    - TBAProtocols
    - TBAUtils
  - TBAData/Tests (1.0.0-LOCAL):
    - MyTBAKit
    - Search
    - TBADataTesting
    - TBAKit
    - TBAProtocols
    - TBAUtils
  - TBADataTesting (1.0.0-LOCAL):
    - TBAData
    - TBAKit
  - TBAKit (1.0.0-LOCAL):
    - TBAOperation
  - TBAKit/Tests (1.0.0-LOCAL):
    - TBAKitTesting
    - TBAOperation
    - TBATestingMocks
  - TBAKitTesting (1.0.0-LOCAL):
    - TBAKit
    - TBATestingMocks
  - TBAOperation (1.0.0-LOCAL)
  - TBAOperation/Tests (1.0.0-LOCAL):
    - TBAOperationTesting
  - TBAOperationTesting (1.0.0-LOCAL):
    - TBAOperation
  - TBAProtocols (1.0.0-LOCAL)
  - TBAProtocols/Tests (1.0.0-LOCAL)
  - TBATestingMocks (1.0.0-LOCAL)
  - TBAUtils (1.0.0-LOCAL)
  - TBAUtils/Tests (1.0.0-LOCAL)
  - XCDYouTubeKit (2.14.1)
  - Zip (1.1.0)

DEPENDENCIES:
  - BFRImageViewer
  - Firebase/Analytics
  - Firebase/Auth
  - Firebase/Core
  - Firebase/Crashlytics
  - Firebase/Messaging
  - Firebase/Performance
  - Firebase/RemoteConfig
  - Firebase/Storage
  - GoogleSignIn (~> 5)
  - MyTBAKit (from `Frameworks/MyTBAKit`)
  - MyTBAKit/Tests (from `Frameworks/MyTBAKit`)
  - MyTBAKitTesting (from `Frameworks/MyTBAKit`)
  - PINRemoteImage
  - PureLayout
  - Reveal-SDK
  - Search (from `Frameworks/Search`)
  - Search/Tests (from `Frameworks/Search`)
  - TBAData (from `Frameworks/TBAData`)
  - TBAData/Tests (from `Frameworks/TBAData`)
  - TBADataTesting (from `Frameworks/TBAData`)
  - TBAKit (from `Frameworks/TBAKit`)
  - TBAKit/Tests (from `Frameworks/TBAKit`)
  - TBAKitTesting (from `Frameworks/TBAKit`)
  - TBAOperation (from `Frameworks/TBAOperation`)
  - TBAOperation/Tests (from `Frameworks/TBAOperation`)
  - TBAOperationTesting (from `Frameworks/TBAOperation`)
  - TBAProtocols (from `Frameworks/TBAProtocols`)
  - TBAProtocols/Tests (from `Frameworks/TBAProtocols`)
  - TBATestingMocks (from `Frameworks/TBATestingMocks`)
  - TBAUtils (from `Frameworks/TBAUtils`)
  - TBAUtils/Tests (from `Frameworks/TBAUtils`)
  - XCDYouTubeKit (~> 2.8)
  - Zip (~> 1.1)

SPEC REPOS:
  trunk:
    - AppAuth
    - BFRImageViewer
    - Firebase
    - FirebaseABTesting
    - FirebaseAnalytics
    - FirebaseAuth
    - FirebaseCore
    - FirebaseCoreDiagnostics
    - FirebaseCrashlytics
    - FirebaseInstallations
    - FirebaseInstanceID
    - FirebaseMessaging
    - FirebasePerformance
    - FirebaseRemoteConfig
    - FirebaseStorage
    - GoogleAppMeasurement
    - GoogleDataTransport
    - GoogleSignIn
    - GoogleToolboxForMac
    - GoogleUtilities
    - GTMAppAuth
    - GTMSessionFetcher
    - nanopb
    - PINCache
    - PINOperation
    - PINRemoteImage
    - PromisesObjC
    - Protobuf
    - PureLayout
    - Reveal-SDK
    - XCDYouTubeKit
    - Zip

EXTERNAL SOURCES:
  MyTBAKit:
    :path: Frameworks/MyTBAKit
  MyTBAKitTesting:
    :path: Frameworks/MyTBAKit
  Search:
    :path: Frameworks/Search
  TBAData:
    :path: Frameworks/TBAData
  TBADataTesting:
    :path: Frameworks/TBAData
  TBAKit:
    :path: Frameworks/TBAKit
  TBAKitTesting:
    :path: Frameworks/TBAKit
  TBAOperation:
    :path: Frameworks/TBAOperation
  TBAOperationTesting:
    :path: Frameworks/TBAOperation
  TBAProtocols:
    :path: Frameworks/TBAProtocols
  TBATestingMocks:
    :path: Frameworks/TBATestingMocks
  TBAUtils:
    :path: Frameworks/TBAUtils

SPEC CHECKSUMS:
  AppAuth: 31bcec809a638d7bd2f86ea8a52bd45f6e81e7c7
  BFRImageViewer: 57f7ba6055956d383b49577a78643fa442e70aa4
  Firebase: c23a36d9e4cdf7877dfcba8dd0c58add66358999
  FirebaseABTesting: 8a9d8df3acc2b43f4a22014ddf9f601bca6af699
  FirebaseAnalytics: 3bb096873ee0d7fa4b6c70f5e9166b6da413cc7f
  FirebaseAuth: c92d49ada7948d1a23466e3db17bc4c2039dddc3
  FirebaseCore: d3a978a3cfa3240bf7e4ba7d137fdf5b22b628ec
  FirebaseCoreDiagnostics: 770ac5958e1372ce67959ae4b4f31d8e127c3ac1
  FirebaseCrashlytics: 1a747c9cc084a24dc6d9511c991db1cd078154eb
  FirebaseInstallations: 466c7b4d1f58fe16707693091da253726a731ed2
  FirebaseInstanceID: bd3ffc24367f901a43c063b36c640b345a4a5dd1
  FirebaseMessaging: 5eca4ef173de76253352511aafef774caa1cba2a
  FirebasePerformance: e325a8ee84a6a3d89c0be049390ed6c1775cce22
  FirebaseRemoteConfig: 35a729305f254fb15a2e541d4b36f3a379da7fdc
  FirebaseStorage: 15e0f15ef3c7fec3d1899d68623e47d4447066b4
  GoogleAppMeasurement: a6a3a066369828db64eda428cb2856dc1cdc7c4e
  GoogleDataTransport: f56af7caa4ed338dc8e138a5d7c5973e66440833
  GoogleSignIn: 7137d297ddc022a7e0aa4619c86d72c909fa7213
  GoogleToolboxForMac: 800648f8b3127618c1b59c7f97684427630c5ea3
  GoogleUtilities: 7f2f5a07f888cdb145101d6042bc4422f57e70b3
  GTMAppAuth: 197a8dabfea5d665224aa00d17f164fc2248dab9
  GTMSessionFetcher: 6f5c8abbab8a9bce4bb3f057e317728ec6182b10
  MyTBAKit: 249f38826c65b73e8dff31b098ca279e46cb7204
  MyTBAKitTesting: b42f306b329a65bb475c279c20a0a23e70e93b51
  nanopb: 59317e09cf1f1a0af72f12af412d54edf52603fc
  PINCache: bea7c404c360f6fe0f6ee783c5cd14e778fa2aab
  PINOperation: 3a967a927e7867e61976c6cc23e5770416449fbc
  PINRemoteImage: 3b7cedb118c2d357f87e9eabc7c81ba0202cb236
  PromisesObjC: 8c196f5a328c2cba3e74624585467a557dcb482f
  Protobuf: 3dac39b34a08151c6d949560efe3f86134a3f748
  PureLayout: bd3c4ec3a3819ad387c99ebb72c6b129c3ed4d2d
  Reveal-SDK: 5f94f14aff3d5f2a49f246edcd266fa4472679e9
  Search: 80fc8e5ff84d393342bdb774ba11408833730e36
  TBAData: 470755645da7d683b06ed56b482442ef63476a32
  TBADataTesting: ba0bb0589a20c478a3ce5ec3faf9d32a76dcfac5
  TBAKit: c177c161ccbf023b6e42e283adeb17b11cea8370
  TBAKitTesting: fc0ea3d4dca416f8156a7d77cff0d8463f548b2b
  TBAOperation: cc6cf22c0a409bd7558b5eb54d22d2847182ce96
  TBAOperationTesting: 27f11648e5cc826062ae29e8167011c50e45440c
  TBAProtocols: 7088cc67541800f6e7526796e57c881fabbd49f0
  TBATestingMocks: 31563f070cdebd3b2f5bc097932c180304a1e297
  TBAUtils: 33dee003122f653472fa5fe579731d1634f84f9a
  XCDYouTubeKit: 5d50bbacdd9fedf26fb578bab901d946ff3d064c
  Zip: 8877eede3dda76bcac281225c20e71c25270774c

PODFILE CHECKSUM: 36e404127348d995b23a7ba1fcd39e33e45833cc

COCOAPODS: 1.9.2
